
Microsoft Visual Studio Solution File, Format Version 12.00
# Visual Studio Version 16
VisualStudioVersion = 16.0.31205.134
MinimumVisualStudioVersion = 10.0.40219.1
Project("{FAE04EC0-301F-11D3-BF4B-00C04F79EFBC}") = "FTP", "FTP.csproj", "{06FD0FC9-6776-44C5-8E62-8ED00505E6BD}"
EndProject
Global
	GlobalSection(SolutionConfigurationPlatforms) = preSolution
		Debug|Any CPU = Debug|Any CPU
		Release|Any CPU = Release|Any CPU
	EndGlobalSection
	GlobalSection(ProjectConfigurationPlatforms) = postSolution
		{06FD0FC9-6776-44C5-8E62-8ED00505E6BD}.Debug|Any CPU.ActiveCfg = Debug|Any CPU
		{06FD0FC9-6776-44C5-8E62-8ED00505E6BD}.Debug|Any CPU.Build.0 = Debug|Any CPU
		{06FD0FC9-6776-44C5-8E62-8ED00505E6BD}.Release|Any CPU.ActiveCfg = Release|Any CPU
		{06FD0FC9-6776-44C5-8E62-8ED00505E6BD}.Release|Any CPU.Build.0 = Release|Any CPU
	EndGlobalSection
	GlobalSection(SolutionProperties) = preSolution
		HideSolutionNode = FALSE
	EndGlobalSection
	GlobalSection(ExtensibilityGlobals) = postSolution
		SolutionGuid = {CADCECF2-115E-400A-9EF6-A189938511ED}
	EndGlobalSection
EndGlobal
